{
  "name": "rescript-fetch",
  "version": "1.0.0",
  "lockfileVersion": 2,
  "requires": true,
  "packages": {
    "": {
      "name": "rescript-fetch",
      "version": "1.0.0",
      "license": "ISC",
      "dependencies": {
        "@ryyppy/rescript-promise": "^2.1.0",
        "rescript": "^10.0.0-rc.1"
      }
    },
    "node_modules/@ryyppy/rescript-promise": {
      "version": "2.1.0",
      "resolved": "https://registry.npmjs.org/@ryyppy/rescript-promise/-/rescript-promise-2.1.0.tgz",
      "integrity": "sha512-+dW6msBrj2Lr2hbEMX+HoWCvN89qVjl94RwbYWJgHQuj8jm/izdPC0YzxgpGoEFdeAEW2sOozoLcYHxT6o5WXQ=="
    },
    "node_modules/rescript": {
      "version": "10.0.0-rc.1",
      "resolved": "https://registry.npmjs.org/rescript/-/rescript-10.0.0-rc.1.tgz",
      "integrity": "sha512-NrB+hr1TcK7ZORw/wu6eAd5J4tu6PwbN5rmcx8NUiVYpuaPAXmX/4DpC0gV2j86cU2QGK/DrEIWeZlchWNDKWg==",
      "hasInstallScript": true,
      "bin": {
        "bsc": "bsc",
        "bsrefmt": "bsrefmt",
        "bstracing": "lib/bstracing",
        "rescript": "rescript"
      }
    }
  },
  "dependencies": {
    "@ryyppy/rescript-promise": {
      "version": "2.1.0",
      "resolved": "https://registry.npmjs.org/@ryyppy/rescript-promise/-/rescript-promise-2.1.0.tgz",
      "integrity": "sha512-+dW6msBrj2Lr2hbEMX+HoWCvN89qVjl94RwbYWJgHQuj8jm/izdPC0YzxgpGoEFdeAEW2sOozoLcYHxT6o5WXQ=="
    },
    "rescript": {
      "version": "10.0.0-rc.1",
      "resolved": "https://registry.npmjs.org/rescript/-/rescript-10.0.0-rc.1.tgz",
      "integrity": "sha512-NrB+hr1TcK7ZORw/wu6eAd5J4tu6PwbN5rmcx8NUiVYpuaPAXmX/4DpC0gV2j86cU2QGK/DrEIWeZlchWNDKWg=="
    }
  }
}
